
Microsoft Visual Studio Solution File, Format Version 12.00
# Visual Studio Version 16
VisualStudioVersion = 16.0.810.21
MinimumVisualStudioVersion = 10.0.40219.1
Project("{FAE04EC0-301F-11D3-BF4B-00C04F79EFBC}") = "homework1", "2\homework1.csproj", "{040A6FFC-26A5-4778-9E63-2F7EBC933D41}"
EndProject
Global
	GlobalSection(SolutionConfigurationPlatforms) = preSolution
		Debug|Any CPU = Debug|Any CPU
		Release|Any CPU = Release|Any CPU
	EndGlobalSection
	GlobalSection(ProjectConfigurationPlatforms) = postSolution
		{040A6FFC-26A5-4778-9E63-2F7EBC933D41}.Debug|Any CPU.ActiveCfg = Debug|Any CPU
		{040A6FFC-26A5-4778-9E63-2F7EBC933D41}.Debug|Any CPU.Build.0 = Debug|Any CPU
		{040A6FFC-26A5-4778-9E63-2F7EBC933D41}.Release|Any CPU.ActiveCfg = Release|Any CPU
		{040A6FFC-26A5-4778-9E63-2F7EBC933D41}.Release|Any CPU.Build.0 = Release|Any CPU
	EndGlobalSection
	GlobalSection(SolutionProperties) = preSolution
		HideSolutionNode = FALSE
	EndGlobalSection
	GlobalSection(ExtensibilityGlobals) = postSolution
		SolutionGuid = {A6221ECA-2B6A-4D19-905D-55373D6BAC6C}
	EndGlobalSection
EndGlobal
